# media.lock — media file metadata for the ZIP mediaIndex. Managed by unpack/media tools.
ast_ezg75zx16s4m9sy284dkqnyyx0.jpeg:
  type: generated
  mimeType: image/jpeg
  size: 243053
  prompt: An abstract professional illustration of AI Agent concept, showing interconnected nodes, data flow streams, and neural network patterns. Modern tech style with blue and purple gradient. No text in image.
