# voice.lock — TTS cache: audioKey(text|voice|speed) → synthesized file. Managed by the voice module.
t:2fb4b94ab71793c6deb5181c4dda95b249e88666:
  file: audio/ast_honiq4g658.mp3
  format: mp3
  duration: 19.44
  voice: zh_female_yingyujiaoxue_uranus_bigtts
t:9bf3f027e3e670b0d468db64ed8f72e6be5406eb:
  file: audio/ast_9j6c5i8zig.mp3
  format: mp3
  duration: 14.808
  voice: zh_female_yingyujiaoxue_uranus_bigtts
t:01667e78d65c00bb0895062eea8cbb20636c6662:
  file: audio/ast_jxopxxll3y.mp3
  format: mp3
  duration: 12.48
  voice: zh_female_yingyujiaoxue_uranus_bigtts
t:418c32a3935bfa4b890ed6606a8c3d6da364e332:
  file: audio/ast_7wl9iy3n1f.mp3
  format: mp3
  duration: 22.272
  voice: zh_female_yingyujiaoxue_uranus_bigtts
t:52e97db4fb6768166da7d533852bdaed14a59771:
  file: audio/ast_7njl8bitab.mp3
  format: mp3
  duration: 24.816
  voice: zh_female_yingyujiaoxue_uranus_bigtts
t:ec5908908095aeb99c2daba202ec73a6e6cf4279:
  file: audio/ast_h90hic2f2z.mp3
  format: mp3
  duration: 17.472
  voice: zh_female_yingyujiaoxue_uranus_bigtts
t:c9574e5bccda5d332c81834fbd5c41a5f9e8e7ff:
  file: audio/ast_qevj5ak76j.mp3
  format: mp3
  duration: 19.08
  voice: zh_female_yingyujiaoxue_uranus_bigtts
t:dd1455749a6fa9d42532272bc2d4521680ff3599:
  file: audio/ast_6nocj5uloc.mp3
  format: mp3
  duration: 16.272
  voice: zh_female_yingyujiaoxue_uranus_bigtts
t:fab4e0ddf8ee84fad4e861fd91d8867cca37c648:
  file: audio/ast_s7l2iu68oh.mp3
  format: mp3
  duration: 18.288
  voice: zh_female_yingyujiaoxue_uranus_bigtts
t:c87264d6f19f70489797d3fcfbf23f7f8eeea198:
  file: audio/ast_blgvb2hf41.mp3
  format: mp3
  duration: 14.016
  voice: zh_female_yingyujiaoxue_uranus_bigtts
t:911965fff114614f68c2b6e98c4b5f86e31e4ad3:
  file: audio/ast_63li1pi99g.mp3
  format: mp3
  duration: 17.04
  voice: zh_female_yingyujiaoxue_uranus_bigtts
t:f81574620222fd12381647874f8336cf6e1c9eb7:
  file: audio/ast_d6ruhncma2.mp3
  format: mp3
  duration: 13.464
  voice: zh_female_yingyujiaoxue_uranus_bigtts
t:e30fff1b8d904bf4adf05c47bc0bfabfe6d799bf:
  file: audio/ast_g7v5lry9kt.mp3
  format: mp3
  duration: 17.88
  voice: zh_female_yingyujiaoxue_uranus_bigtts
t:6f27d7a6310013927e3d3410220605d63d53d979:
  file: audio/ast_6jf29n0qon.mp3
  format: mp3
  duration: 19.08
  voice: zh_female_yingyujiaoxue_uranus_bigtts
t:ef74f9b1e0002b31690a05b7219c93905b98e90c:
  file: audio/ast_fpkmj144fp.mp3
  format: mp3
  duration: 12.048
  voice: zh_female_yingyujiaoxue_uranus_bigtts
t:3e03a48a6d765d21f2be4112649930873c09acb2:
  file: audio/ast_4esz4zctph.mp3
  format: mp3
  duration: 9.648
  voice: zh_female_yingyujiaoxue_uranus_bigtts
t:2d0c2ab43f0ab27da5da726aa6f0be7a24cbaeb4:
  file: audio/ast_7ry8ld5kd5.mp3
  format: mp3
  duration: 12.84
  voice: zh_female_yingyujiaoxue_uranus_bigtts
t:577d1fcb93054847000da75ee23ee6e3dbc19ebd:
  file: audio/ast_rrs8vgjqja.mp3
  format: mp3
  duration: 23.448
  voice: zh_female_yingyujiaoxue_uranus_bigtts
t:22c674b28a0411b073d9a320630d11cf3e245653:
  file: audio/ast_7biwpi8a5h.mp3
  format: mp3
  duration: 12.264
  voice: zh_female_yingyujiaoxue_uranus_bigtts
t:8e69d99b349b7e089584469c2bdc9e1726e3fff7:
  file: audio/ast_35vkvl2ad6.mp3
  format: mp3
  duration: 16.464
  voice: zh_female_yingyujiaoxue_uranus_bigtts
t:c69bdb237f95dae754b6ccd110420bc33c7565ba:
  file: audio/ast_absmwxeyqz.mp3
  format: mp3
  duration: 16.008
  voice: zh_female_yingyujiaoxue_uranus_bigtts
t:9109a745e08965bd8f265f0c329999809c5caa55:
  file: audio/ast_c97csyqzad.mp3
  format: mp3
  duration: 10.848
  voice: zh_female_yingyujiaoxue_uranus_bigtts
t:49118a89c3c66ccfbf353e20560148af5c9af3a4:
  file: audio/ast_bf6ch83r56.mp3
  format: mp3
  duration: 14.832
  voice: zh_female_yingyujiaoxue_uranus_bigtts
t:34e68a41605c9ef0e329f61261f878e595f04bb0:
  file: audio/ast_2efni94a5v.mp3
  format: mp3
  duration: 16.032
  voice: zh_female_yingyujiaoxue_uranus_bigtts
t:443b10e1051e1550711b57786bdaacd05f9e8cd0:
  file: audio/ast_6swqzzftyc.mp3
  format: mp3
  duration: 17.256
  voice: zh_female_yingyujiaoxue_uranus_bigtts
t:d293b7ef599e122a0203044bb7cb805424f9f38a:
  file: audio/ast_9oilp5mkbi.mp3
  format: mp3
  duration: 17.232
  voice: zh_female_yingyujiaoxue_uranus_bigtts
t:bbb6189392f74646ea278102835de4274f921625:
  file: audio/ast_dkclqun6df.mp3
  format: mp3
  duration: 14.832
  voice: zh_female_yingyujiaoxue_uranus_bigtts
t:e5b49583691131fda08779bc3b55b29b63ed4aeb:
  file: audio/ast_76f7ievnpb.mp3
  format: mp3
  duration: 11.64
  voice: zh_female_yingyujiaoxue_uranus_bigtts
t:bfbb28d970d9fe9ada62e5b80181efa4ebb15a50:
  file: audio/ast_n0uepd2j19.mp3
  format: mp3
  duration: 11.232
  voice: zh_female_yingyujiaoxue_uranus_bigtts
t:a5f414ea299d25f2377e409607a46574ea68530b:
  file: audio/ast_ingzqbjx9u.mp3
  format: mp3
  duration: 22.824
  voice: zh_female_yingyujiaoxue_uranus_bigtts
t:85c25e62cc8977a3d687a1ae915b64f5f11460a6:
  file: audio/ast_3cho4gicnj.mp3
  format: mp3
  duration: 16.68
  voice: zh_female_yingyujiaoxue_uranus_bigtts
t:a3881873750e01074ae4816523f6cf575c3979c2:
  file: audio/ast_lb3pgjnxuj.mp3
  format: mp3
  duration: 13.632
  voice: zh_female_yingyujiaoxue_uranus_bigtts
t:83a5e6931d723a4c496296e233d80af19ece9c0f:
  file: audio/ast_eo5a362dyv.mp3
  format: mp3
  duration: 8.664
  voice: zh_female_yingyujiaoxue_uranus_bigtts
t:e46590d9f4b5d1018b1a980117ee8dc15ae4897f:
  file: audio/ast_6q12ersgaa.mp3
  format: mp3
  duration: 16.032
  voice: zh_female_yingyujiaoxue_uranus_bigtts
t:b7869b8d0364b66d86de12865f6c72d7a1334d54:
  file: audio/ast_dnyfbqz9lv.mp3
  format: mp3
  duration: 7.056
  voice: zh_female_yingyujiaoxue_uranus_bigtts
t:ba1f446fbfe0effdcfa9a45cb564bdfaeeaa63cc:
  file: audio/ast_ph12up2vy5.mp3
  format: mp3
  duration: 8.664
  voice: zh_female_yingyujiaoxue_uranus_bigtts
t:2bdbdbecb9f76e742f577b3ffd242c3938c2ae2c:
  file: audio/ast_ccy4bkqbiv.mp3
  format: mp3
  duration: 19.464
  voice: zh_female_yingyujiaoxue_uranus_bigtts
t:f8fbb6f38af6b1f93671a01961823a111713eb64:
  file: audio/ast_ier3wwwio4.mp3
  format: mp3
  duration: 5.88
  voice: zh_female_yingyujiaoxue_uranus_bigtts
t:4799b1af8e3804a88fc27d122b74a9968a9e4416:
  file: audio/ast_sqyxf6na2i.mp3
  format: mp3
  duration: 13.032
  voice: zh_female_yingyujiaoxue_uranus_bigtts
t:ab68882fc8159732f3ea938e89931910487da23f:
  file: audio/ast_9s1rfia7ea.mp3
  format: mp3
  duration: 20.28
  voice: zh_female_yingyujiaoxue_uranus_bigtts
t:a6ce65e14f8f989fec2e4360ec732a5ca6a2f8ff:
  file: audio/ast_gkrhgmg93m.mp3
  format: mp3
  duration: 19.032
  voice: zh_female_yingyujiaoxue_uranus_bigtts
t:5c88cb40ed8a580f765e82b914dd17db1e72608b:
  file: audio/ast_7wmamuior2.mp3
  format: mp3
  duration: 13.632
  voice: zh_female_yingyujiaoxue_uranus_bigtts
t:d8310fa784e8c12c8a253441180b95703b0d5c4d:
  file: audio/ast_3upstg49tc.mp3
  format: mp3
  duration: 13.056
  voice: zh_female_yingyujiaoxue_uranus_bigtts
t:75e252bf29c9d9e59631cc391a82afde315f5f1f:
  file: audio/ast_fwu8bfnyar.mp3
  format: mp3
  duration: 11.088
  voice: zh_female_yingyujiaoxue_uranus_bigtts
t:9660e619ae6ed1afac0e08ff26562a49267bad8b:
  file: audio/ast_oqr0oe8m6r.mp3
  format: mp3
  duration: 22.68
  voice: zh_female_yingyujiaoxue_uranus_bigtts
t:c442f3ac07015c0942ba28f956e547d01e169969:
  file: audio/ast_dyic0gv7z5.mp3
  format: mp3
  duration: 17.472
  voice: zh_female_yingyujiaoxue_uranus_bigtts
t:f075a0c5c8bc1d00d49110dd69633d7bc35b67e1:
  file: audio/ast_5nei45i9jd.mp3
  format: mp3
  duration: 12.672
  voice: zh_female_yingyujiaoxue_uranus_bigtts
t:5e64a7b5a367872fd958bf53ecf674e204f7ff65:
  file: audio/ast_burst63ddg.mp3
  format: mp3
  duration: 17.064
  voice: zh_female_yingyujiaoxue_uranus_bigtts
t:bb1efa9f4b91a5e3c4b7dfe1bfd07376602c5d3f:
  file: audio/ast_mcyyzdnns5.mp3
  format: mp3
  duration: 15.048
  voice: zh_female_yingyujiaoxue_uranus_bigtts
t:eecc8f715da884d9d23acbc7a19bf1593ca30592:
  file: audio/ast_3daqldqoa3.mp3
  format: mp3
  duration: 9.456
  voice: zh_female_yingyujiaoxue_uranus_bigtts
t:bb20e3720e860528f98a1dece223215f0a9274b7:
  file: audio/ast_c54kzptq4d.mp3
  format: mp3
  duration: 22.824
  voice: zh_female_yingyujiaoxue_uranus_bigtts
t:d657d2a65bbe46ae4def1f851aff3ecd47b39059:
  file: audio/ast_ncgbvks18g.mp3
  format: mp3
  duration: 18.264
  voice: zh_female_yingyujiaoxue_uranus_bigtts
t:6b9c19aa319d44c5a16ba380c4a3a941962a574d:
  file: audio/ast_t7upyu34yr.mp3
  format: mp3
  duration: 10.44
  voice: zh_female_yingyujiaoxue_uranus_bigtts
t:8644aca520896cc701d85fde9b6587db8f05c5a4:
  file: audio/ast_kswv2hqdjs.mp3
  format: mp3
  duration: 20.4
  voice: zh_female_yingyujiaoxue_uranus_bigtts
t:d9464fe2ee9cb94dd1c068c3603e20b0c3596fda:
  file: audio/ast_liav9la2wf.mp3
  format: mp3
  duration: 15.648
  voice: zh_female_yingyujiaoxue_uranus_bigtts
t:de8ce2886ee72f48ba359a8d1eaf63879bba2286:
  file: audio/ast_sctywvwuku.mp3
  format: mp3
  duration: 10.416
  voice: zh_female_yingyujiaoxue_uranus_bigtts
t:0982422f441ae28ee565113e73cb6b9360f46679:
  file: audio/ast_mc9f1xygg5.mp3
  format: mp3
  duration: 17.448
  voice: zh_female_yingyujiaoxue_uranus_bigtts
